
Microsoft Visual Studio Solution File, Format Version 12.00
# Visual Studio Version 17
VisualStudioVersion = 17.1.32414.318
MinimumVisualStudioVersion = 10.0.40219.1
Project("{2150E333-8FDC-42A3-9474-1A3956D46DE8}") = "API", "API", "{639F7C3E-2CD8-4C92-B67D-1121901BA8E1}"
	ProjectSection(SolutionItems) = preProject
		API.txt = API.txt
	EndProjectSection
EndProject
Project("{2150E333-8FDC-42A3-9474-1A3956D46DE8}") = "Core", "Core", "{2B667ADF-6FAC-4D96-9AA1-83DBC4183716}"
EndProject
Project("{2150E333-8FDC-42A3-9474-1A3956D46DE8}") = "Infrastructure", "Infrastructure", "{9ED621CB-1DFB-4607-9040-6E901D40DFB8}"
EndProject
Project("{2150E333-8FDC-42A3-9474-1A3956D46DE8}") = "UI", "UI", "{3178FBAD-0CB0-428B-9647-261F1BE03474}"
EndProject
Project("{9A19103F-16F7-4668-BE54-9A1E7A4F7556}") = "TicketManagement.Domain", "Core\TicketManagement.Domain\TicketManagement.Domain.csproj", "{412E82F3-E58E-4F09-969E-5E35C0094475}"
EndProject
Project("{9A19103F-16F7-4668-BE54-9A1E7A4F7556}") = "TicketManagement.Application", "Core\TicketManagement.Application\TicketManagement.Application.csproj", "{EC8608CE-14BA-427C-B9A3-48352ABE64E5}"
EndProject
Project("{9A19103F-16F7-4668-BE54-9A1E7A4F7556}") = "TicketManagement.DataPersistence", "Infrastructure\TicketManagement.DataPersistence\TicketManagement.DataPersistence.csproj", "{55498C83-C343-41E8-A92D-804164C46CF1}"
EndProject
Project("{9A19103F-16F7-4668-BE54-9A1E7A4F7556}") = "TicketManagement.Infrastructure", "Infrastructure\TicketManagement.Infrastructure\TicketManagement.Infrastructure.csproj", "{5879E24F-65DB-4C2F-9D6C-92935609BE06}"
EndProject
Project("{9A19103F-16F7-4668-BE54-9A1E7A4F7556}") = "TicketManagement.API", "API\TicketManagement.API\TicketManagement.API.csproj", "{FF836852-8894-430F-9E94-2F384C26A8D6}"
EndProject
Project("{9A19103F-16F7-4668-BE54-9A1E7A4F7556}") = "TicketManagement.App", "UI\TicketManagement.App\TicketManagement.App.csproj", "{D140278A-A77D-479E-824A-9E7DE3165A9A}"
EndProject
Project("{FAE04EC0-301F-11D3-BF4B-00C04F79EFBC}") = "TicketManagement.Identity", "Infrastructure\TicketManagement.Identity\TicketManagement.Identity.csproj", "{59FB08D4-42E5-4612-9FF7-526426FAEC92}"
EndProject
Global
	GlobalSection(SolutionConfigurationPlatforms) = preSolution
		Debug|Any CPU = Debug|Any CPU
		Release|Any CPU = Release|Any CPU
	EndGlobalSection
	GlobalSection(ProjectConfigurationPlatforms) = postSolution
		{412E82F3-E58E-4F09-969E-5E35C0094475}.Debug|Any CPU.ActiveCfg = Debug|Any CPU
		{412E82F3-E58E-4F09-969E-5E35C0094475}.Debug|Any CPU.Build.0 = Debug|Any CPU
		{412E82F3-E58E-4F09-969E-5E35C0094475}.Release|Any CPU.ActiveCfg = Release|Any CPU
		{412E82F3-E58E-4F09-969E-5E35C0094475}.Release|Any CPU.Build.0 = Release|Any CPU
		{EC8608CE-14BA-427C-B9A3-48352ABE64E5}.Debug|Any CPU.ActiveCfg = Debug|Any CPU
		{EC8608CE-14BA-427C-B9A3-48352ABE64E5}.Debug|Any CPU.Build.0 = Debug|Any CPU
		{EC8608CE-14BA-427C-B9A3-48352ABE64E5}.Release|Any CPU.ActiveCfg = Release|Any CPU
		{EC8608CE-14BA-427C-B9A3-48352ABE64E5}.Release|Any CPU.Build.0 = Release|Any CPU
		{55498C83-C343-41E8-A92D-804164C46CF1}.Debug|Any CPU.ActiveCfg = Debug|Any CPU
		{55498C83-C343-41E8-A92D-804164C46CF1}.Debug|Any CPU.Build.0 = Debug|Any CPU
		{55498C83-C343-41E8-A92D-804164C46CF1}.Release|Any CPU.ActiveCfg = Release|Any CPU
		{55498C83-C343-41E8-A92D-804164C46CF1}.Release|Any CPU.Build.0 = Release|Any CPU
		{5879E24F-65DB-4C2F-9D6C-92935609BE06}.Debug|Any CPU.ActiveCfg = Debug|Any CPU
		{5879E24F-65DB-4C2F-9D6C-92935609BE06}.Debug|Any CPU.Build.0 = Debug|Any CPU
		{5879E24F-65DB-4C2F-9D6C-92935609BE06}.Release|Any CPU.ActiveCfg = Release|Any CPU
		{5879E24F-65DB-4C2F-9D6C-92935609BE06}.Release|Any CPU.Build.0 = Release|Any CPU
		{FF836852-8894-430F-9E94-2F384C26A8D6}.Debug|Any CPU.ActiveCfg = Debug|Any CPU
		{FF836852-8894-430F-9E94-2F384C26A8D6}.Debug|Any CPU.Build.0 = Debug|Any CPU
		{FF836852-8894-430F-9E94-2F384C26A8D6}.Release|Any CPU.ActiveCfg = Release|Any CPU
		{FF836852-8894-430F-9E94-2F384C26A8D6}.Release|Any CPU.Build.0 = Release|Any CPU
		{D140278A-A77D-479E-824A-9E7DE3165A9A}.Debug|Any CPU.ActiveCfg = Debug|Any CPU
		{D140278A-A77D-479E-824A-9E7DE3165A9A}.Debug|Any CPU.Build.0 = Debug|Any CPU
		{D140278A-A77D-479E-824A-9E7DE3165A9A}.Release|Any CPU.ActiveCfg = Release|Any CPU
		{D140278A-A77D-479E-824A-9E7DE3165A9A}.Release|Any CPU.Build.0 = Release|Any CPU
		{59FB08D4-42E5-4612-9FF7-526426FAEC92}.Debug|Any CPU.ActiveCfg = Debug|Any CPU
		{59FB08D4-42E5-4612-9FF7-526426FAEC92}.Debug|Any CPU.Build.0 = Debug|Any CPU
		{59FB08D4-42E5-4612-9FF7-526426FAEC92}.Release|Any CPU.ActiveCfg = Release|Any CPU
		{59FB08D4-42E5-4612-9FF7-526426FAEC92}.Release|Any CPU.Build.0 = Release|Any CPU
	EndGlobalSection
	GlobalSection(SolutionProperties) = preSolution
		HideSolutionNode = FALSE
	EndGlobalSection
	GlobalSection(NestedProjects) = preSolution
		{412E82F3-E58E-4F09-969E-5E35C0094475} = {2B667ADF-6FAC-4D96-9AA1-83DBC4183716}
		{EC8608CE-14BA-427C-B9A3-48352ABE64E5} = {2B667ADF-6FAC-4D96-9AA1-83DBC4183716}
		{55498C83-C343-41E8-A92D-804164C46CF1} = {9ED621CB-1DFB-4607-9040-6E901D40DFB8}
		{5879E24F-65DB-4C2F-9D6C-92935609BE06} = {9ED621CB-1DFB-4607-9040-6E901D40DFB8}
		{FF836852-8894-430F-9E94-2F384C26A8D6} = {639F7C3E-2CD8-4C92-B67D-1121901BA8E1}
		{D140278A-A77D-479E-824A-9E7DE3165A9A} = {3178FBAD-0CB0-428B-9647-261F1BE03474}
		{59FB08D4-42E5-4612-9FF7-526426FAEC92} = {9ED621CB-1DFB-4607-9040-6E901D40DFB8}
	EndGlobalSection
	GlobalSection(ExtensibilityGlobals) = postSolution
		SolutionGuid = {69DA187C-60E9-4E7E-8407-CF0518749F0A}
	EndGlobalSection
EndGlobal
